// !$*UTF8*$!
{
	archiveVersion = 1;
	classes = {
	};
	objectVersion = 48;
	objects = {

/* Begin PBXBuildFile section */
		CEE0A9D71EE885A90056D595 /* AppDelegate.swift in Sources */ = {isa = PBXBuildFile; fileRef = CEE0A9D61EE885A90056D595 /* AppDelegate.swift */; };
		CEE0A9D91EE885A90056D595 /* ViewController.swift in Sources */ = {isa = PBXBuildFile; fileRef = CEE0A9D81EE885A90056D595 /* ViewController.swift */; };
		CEE0A9DC1EE885A90056D595 /* Main.storyboard in Resources */ = {isa = PBXBuildFile; fileRef = CEE0A9DA1EE885A90056D595 /* Main.storyboard */; };
		CEE0A9DE1EE885A90056D595 /* Assets.xcassets in Resources */ = {isa = PBXBuildFile; fileRef = CEE0A9DD1EE885A90056D595 /* Assets.xcassets */; };
		CEE0A9E11EE885A90056D595 /* LaunchScreen.storyboard in Resources */ = {isa = PBXBuildFile; fileRef = CEE0A9DF1EE885A90056D595 /* LaunchScreen.storyboard */; };
		CEE0A9E91EE88F060056D595 /* FaceDetector.swift in Sources */ = {isa = PBXBuildFile; fileRef = CEE0A9E81EE88F060056D595 /* FaceDetector.swift */; };
/* End PBXBuildFile section */

/* Begin PBXFileReference section */
		CEE0A9D31EE885A90056D595 /* FaceVision.app */ = {isa = PBXFileReference; explicitFileType = wrapper.application; includeInIndex = 0; path = FaceVision.app; sourceTree = BUILT_PRODUCTS_DIR; };
		CEE0A9D61EE885A90056D595 /* AppDelegate.swift */ = {isa = PBXFileReference; lastKnownFileType = sourcecode.swift; path = AppDelegate.swift; sourceTree = "<group>"; };
		CEE0A9D81EE885A90056D595 /* ViewController.swift */ = {isa = PBXFileReference; lastKnownFileType = sourcecode.swift; path = ViewController.swift; sourceTree = "<group>"; };
		CEE0A9DB1EE885A90056D595 /* Base */ = {isa = PBXFileReference; lastKnownFileType = file.storyboard; name = Base; path = Base.lproj/Main.storyboard; sourceTree = "<group>"; };
		CEE0A9DD1EE885A90056D595 /* Assets.xcassets */ = {isa = PBXFileReference; lastKnownFileType = folder.assetcatalog; path = Assets.xcassets; sourceTree = "<group>"; };
		CEE0A9E01EE885A90056D595 /* Base */ = {isa = PBXFileReference; lastKnownFileType = file.storyboard; name = Base; path = Base.lproj/LaunchScreen.storyboard; sourceTree = "<group>"; };
		CEE0A9E21EE885A90056D595 /* Info.plist */ = {isa = PBXFileReference; lastKnownFileType = text.plist.xml; path = Info.plist; sourceTree = "<group>"; };
		CEE0A9E81EE88F060056D595 /* FaceDetector.swift */ = {isa = PBXFileReference; lastKnownFileType = sourcecode.swift; path = FaceDetector.swift; sourceTree = "<group>"; };
/* End PBXFileReference section */

/* Begin PBXFrameworksBuildPhase section */
		CEE0A9D01EE885A90056D595 /* Frameworks */ = {
			isa = PBXFrameworksBuildPhase;
			buildActionMask = 2147483647;
			files = (
			);
			runOnlyForDeploymentPostprocessing = 0;
		};
/* End PBXFrameworksBuildPhase section */

/* Begin PBXGroup section */
		CEE0A9CA1EE885A90056D595 = {
			isa = PBXGroup;
			children = (
				CEE0A9D51EE885A90056D595 /* FaceVision */,
				CEE0A9D41EE885A90056D595 /* Products */,
			);
			sourceTree = "<group>";
		};
		CEE0A9D41EE885A90056D595 /* Products */ = {
			isa = PBXGroup;
			children = (
				CEE0A9D31EE885A90056D595 /* FaceVision.app */,
			);
			name = Products;
			sourceTree = "<group>";
		};
		CEE0A9D51EE885A90056D595 /* FaceVision */ = {
			isa = PBXGroup;
			children = (
				CEE0A9D61EE885A90056D595 /* AppDelegate.swift */,
				CEE0A9D81EE885A90056D595 /* ViewController.swift */,
				CEE0A9E81EE88F060056D595 /* FaceDetector.swift */,
				CEE0A9DA1EE885A90056D595 /* Main.storyboard */,
				CEE0A9DD1EE885A90056D595 /* Assets.xcassets */,
				CEE0A9DF1EE885A90056D595 /* LaunchScreen.storyboard */,
				CEE0A9E21EE885A90056D595 /* Info.plist */,
			);
			path = FaceVision;
			sourceTree = "<group>";
		};
/* End PBXGroup section */

/* Begin PBXNativeTarget section */
		CEE0A9D21EE885A90056D595 /* FaceVision */ = {
			isa = PBXNativeTarget;
			buildConfigurationList = CEE0A9E51EE885A90056D595 /* Build configuration list for PBXNativeTarget "FaceVision" */;
			buildPhases = (
				CEE0A9CF1EE885A90056D595 /* Sources */,
				CEE0A9D01EE885A90056D595 /* Frameworks */,
				CEE0A9D11EE885A90056D595 /* Resources */,
			);
			buildRules = (
			);
			dependencies = (
			);
			name = FaceVision;
			productName = FaceVision;
			productReference = CEE0A9D31EE885A90056D595 /* FaceVision.app */;
			productType = "com.apple.product-type.application";
		};
/* End PBXNativeTarget section */

/* Begin PBXProject section */
		CEE0A9CB1EE885A90056D595 /* Project object */ = {
			isa = PBXProject;
			attributes = {
				LastSwiftUpdateCheck = 0900;
				LastUpgradeCheck = 0900;
				ORGANIZATIONNAME = "Igor K";
				TargetAttributes = {
					CEE0A9D21EE885A90056D595 = {
						CreatedOnToolsVersion = 9.0;
					};
				};
			};
			buildConfigurationList = CEE0A9CE1EE885A90056D595 /* Build configuration list for PBXProject "FaceVision" */;
			compatibilityVersion = "Xcode 8.0";
			developmentRegion = en;
			hasScannedForEncodings = 0;
			knownRegions = (
				en,
				Base,
			);
			mainGroup = CEE0A9CA1EE885A90056D595;
			productRefGroup = CEE0A9D41EE885A90056D595 /* Products */;
			projectDirPath = "";
			projectRoot = "";
			targets = (
				CEE0A9D21EE885A90056D595 /* FaceVision */,
			);
		};
/* End PBXProject section */

/* Begin PBXResourcesBuildPhase section */
		CEE0A9D11EE885A90056D595 /* Resources */ = {
			isa = PBXResourcesBuildPhase;
			buildActionMask = 2147483647;
			files = (
				CEE0A9E11EE885A90056D595 /* LaunchScreen.storyboard in Resources */,
				CEE0A9DE1EE885A90056D595 /* Assets.xcassets in Resources */,
				CEE0A9DC1EE885A90056D595 /* Main.storyboard in Resources */,
			);
			runOnlyForDeploymentPostprocessing = 0;
		};
/* End PBXResourcesBuildPhase section */

/* Begin PBXSourcesBuildPhase section */
		CEE0A9CF1EE885A90056D595 /* Sources */ = {
			isa = PBXSourcesBuildPhase;
			buildActionMask = 2147483647;
			files = (
				CEE0A9D91EE885A90056D595 /* ViewController.swift in Sources */,
				CEE0A9E91EE88F060056D595 /* FaceDetector.swift in Sources */,
				CEE0A9D71EE885A90056D595 /* AppDelegate.swift in Sources */,
			);
			runOnlyForDeploymentPostprocessing = 0;
		};
/* End PBXSourcesBuildPhase section */

/* Begin PBXVariantGroup section */
		CEE0A9DA1EE885A90056D595 /* Main.storyboard */ = {
			isa = PBXVariantGroup;
			children = (
				CEE0A9DB1EE885A90056D595 /* Base */,
			);
			name = Main.storyboard;
			sourceTree = "<group>";
		};
		CEE0A9DF1EE885A90056D595 /* LaunchScreen.storyboard */ = {
			isa = PBXVariantGroup;
			children = (
				CEE0A9E01EE885A90056D595 /* Base */,
			);
			name = LaunchScreen.storyboard;
			sourceTree = "<group>";
		};
/* End PBXVariantGroup section */

/* Begin XCBuildConfiguration section */
		CEE0A9E31EE885A90056D595 /* Debug */ = {
			isa = XCBuildConfiguration;
			buildSettings = {
				ALWAYS_SEARCH_USER_PATHS = NO;
				CLANG_ANALYZER_NONNULL = YES;
				CLANG_ANALYZER_NUMBER_OBJECT_CONVERSION = YES_AGGRESSIVE;
				CLANG_CXX_LANGUAGE_STANDARD = "gnu++14";
				CLANG_CXX_LIBRARY = "libc++";
				CLANG_ENABLE_MODULES = YES;
				CLANG_ENABLE_OBJC_ARC = YES;
				CLANG_WARN_BLOCK_CAPTURE_AUTORELEASING = YES;
				CLANG_WARN_BOOL_CONVERSION = YES;
				CLANG_WARN_COMMA = YES;
				CLANG_WARN_CONSTANT_CONVERSION = YES;
				CLANG_WARN_DIRECT_OBJC_ISA_USAGE = YES_ERROR;
				CLANG_WARN_DOCUMENTATION_COMMENTS = YES;
				CLANG_WARN_EMPTY_BODY = YES;
				CLANG_WARN_ENUM_CONVERSION = YES;
				CLANG_WARN_INFINITE_RECURSION = YES;
				CLANG_WARN_INT_CONVERSION = YES;
				CLANG_WARN_OBJC_ROOT_CLASS = YES_ERROR;
				CLANG_WARN_RANGE_LOOP_ANALYSIS = YES;
				CLANG_WARN_STRICT_PROTOTYPES = YES;
				CLANG_WARN_SUSPICIOUS_MOVE = YES;
				CLANG_WARN_UNGUARDED_AVAILABILITY = YES_AGGRESSIVE;
				CLANG_WARN_UNREACHABLE_CODE = YES;
				CLANG_WARN__DUPLICATE_METHOD_MATCH = YES;
				CODE_SIGN_IDENTITY = "iPhone Developer";
				COPY_PHASE_STRIP = NO;
				DEBUG_INFORMATION_FORMAT = dwarf;
				ENABLE_STRICT_OBJC_MSGSEND = YES;
				ENABLE_TESTABILITY = YES;
				GCC_C_LANGUAGE_STANDARD = gnu11;
				GCC_DYNAMIC_NO_PIC = NO;
				GCC_NO_COMMON_BLOCKS = YES;
				GCC_OPTIMIZATION_LEVEL = 0;
				GCC_PREPROCESSOR_DEFINITIONS = (
					"DEBUG=1",
					"$(inherited)",
				);
				GCC_WARN_64_TO_32_BIT_CONVERSION = YES;
				GCC_WARN_ABOUT_RETURN_TYPE = YES_ERROR;
				GCC_WARN_UNDECLARED_SELECTOR = YES;
				GCC_WARN_UNINITIALIZED_AUTOS = YES_AGGRESSIVE;
				GCC_WARN_UNUSED_FUNCTION = YES;
				GCC_WARN_UNUSED_VARIABLE = YES;
				IPHONEOS_DEPLOYMENT_TARGET = 11.0;
				MTL_ENABLE_DEBUG_INFO = YES;
				ONLY_ACTIVE_ARCH = YES;
				SDKROOT = iphoneos;
				SWIFT_ACTIVE_COMPILATION_CONDITIONS = DEBUG;
				SWIFT_OPTIMIZATION_LEVEL = "-Onone";
			};
			name = Debug;
		};
		CEE0A9E41EE885A90056D595 /* Release */ = {
			isa = XCBuildConfiguration;
			buildSettings = {
				ALWAYS_SEARCH_USER_PATHS = NO;
				CLANG_ANALYZER_NONNULL = YES;
				CLANG_ANALYZER_NUMBER_OBJECT_CONVERSION = YES_AGGRESSIVE;
				CLANG_CXX_LANGUAGE_STANDARD = "gnu++14";
				CLANG_CXX_LIBRARY = "libc++";
				CLANG_ENABLE_MODULES = YES;
				CLANG_ENABLE_OBJC_ARC = YES;
				CLANG_WARN_BLOCK_CAPTURE_AUTORELEASING = YES;
				CLANG_WARN_BOOL_CONVERSION = YES;
				CLANG_WARN_COMMA = YES;
				CLANG_WARN_CONSTANT_CONVERSION = YES;
				CLANG_WARN_DIRECT_OBJC_ISA_USAGE = YES_ERROR;
				CLANG_WARN_DOCUMENTATION_COMMENTS = YES;
				CLANG_WARN_EMPTY_BODY = YES;
				CLANG_WARN_ENUM_CONVERSION = YES;
				CLANG_WARN_INFINITE_RECURSION = YES;
				CLANG_WARN_INT_CONVERSION = YES;
				CLANG_WARN_OBJC_ROOT_CLASS = YES_ERROR;
				CLANG_WARN_RANGE_LOOP_ANALYSIS = YES;
				CLANG_WARN_STRICT_PROTOTYPES = YES;
				CLANG_WARN_SUSPICIOUS_MOVE = YES;
				CLANG_WARN_UNGUARDED_AVAILABILITY = YES_AGGRESSIVE;
				CLANG_WARN_UNREACHABLE_CODE = YES;
				CLANG_WARN__DUPLICATE_METHOD_MATCH = YES;
				CODE_SIGN_IDENTITY = "iPhone Developer";
				COPY_PHASE_STRIP = NO;
				DEBUG_INFORMATION_FORMAT = "dwarf-with-dsym";
				ENABLE_NS_ASSERTIONS = NO;
				ENABLE_STRICT_OBJC_MSGSEND = YES;
				GCC_C_LANGUAGE_STANDARD = gnu11;
				GCC_NO_COMMON_BLOCKS = YES;
				GCC_WARN_64_TO_32_BIT_CONVERSION = YES;
				GCC_WARN_ABOUT_RETURN_TYPE = YES_ERROR;
				GCC_WARN_UNDECLARED_SELECTOR = YES;
				GCC_WARN_UNINITIALIZED_AUTOS = YES_AGGRESSIVE;
				GCC_WARN_UNUSED_FUNCTION = YES;
				GCC_WARN_UNUSED_VARIABLE = YES;
				IPHONEOS_DEPLOYMENT_TARGET = 11.0;
				MTL_ENABLE_DEBUG_INFO = NO;
				SDKROOT = iphoneos;
				SWIFT_OPTIMIZATION_LEVEL = "-Owholemodule";
				VALIDATE_PRODUCT = YES;
			};
			name = Release;
		};
		CEE0A9E61EE885A90056D595 /* Debug */ = {
			isa = XCBuildConfiguration;
			buildSettings = {
				ASSETCATALOG_COMPILER_APPICON_NAME = AppIcon;
				DEVELOPMENT_TEAM = FVJJG64985;
				INFOPLIST_FILE = FaceVision/Info.plist;
				LD_RUNPATH_SEARCH_PATHS = "$(inherited) @executable_path/Frameworks";
				PRODUCT_BUNDLE_IDENTIFIER = com.igorkravtsov.FaceVision;
				PRODUCT_NAME = "$(TARGET_NAME)";
				SWIFT_VERSION = 4.0;
				TARGETED_DEVICE_FAMILY = "1,2";
			};
			name = Debug;
		};
		CEE0A9E71EE885A90056D595 /* Release */ = {
			isa = XCBuildConfiguration;
			buildSettings = {
				ASSETCATALOG_COMPILER_APPICON_NAME = AppIcon;
				DEVELOPMENT_TEAM = FVJJG64985;
				INFOPLIST_FILE = FaceVision/Info.plist;
				LD_RUNPATH_SEARCH_PATHS = "$(inherited) @executable_path/Frameworks";
				PRODUCT_BUNDLE_IDENTIFIER = com.igorkravtsov.FaceVision;
				PRODUCT_NAME = "$(TARGET_NAME)";
				SWIFT_VERSION = 4.0;
				TARGETED_DEVICE_FAMILY = "1,2";
			};
			name = Release;
		};
/* End XCBuildConfiguration section */

/* Begin XCConfigurationList section */
		CEE0A9CE1EE885A90056D595 /* Build configuration list for PBXProject "FaceVision" */ = {
			isa = XCConfigurationList;
			buildConfigurations = (
				CEE0A9E31EE885A90056D595 /* Debug */,
				CEE0A9E41EE885A90056D595 /* Release */,
			);
			defaultConfigurationIsVisible = 0;
			defaultConfigurationName = Release;
		};
		CEE0A9E51EE885A90056D595 /* Build configuration list for PBXNativeTarget "FaceVision" */ = {
			isa = XCConfigurationList;
			buildConfigurations = (
				CEE0A9E61EE885A90056D595 /* Debug */,
				CEE0A9E71EE885A90056D595 /* Release */,
			);
			defaultConfigurationIsVisible = 0;
		};
/* End XCConfigurationList section */
	};
	rootObject = CEE0A9CB1EE885A90056D595 /* Project object */;
}
